// !$*UTF8*$!
{
	archiveVersion = 1;
	classes = {
	};
	objectVersion = 56;
	objects = {

/* Begin PBXBuildFile section */
		A50E31C02C00B533002BDFFA /* FinancialManagerApp.swift in Sources */ = {isa = PBXBuildFile; fileRef = A50E31BF2C00B533002BDFFA /* FinancialManagerApp.swift */; };
		A50E31C22C00B533002BDFFA /* ContentView.swift in Sources */ = {isa = PBXBuildFile; fileRef = A50E31C12C00B533002BDFFA /* ContentView.swift */; };
		A50E31C42C00B535002BDFFA /* Assets.xcassets in Resources */ = {isa = PBXBuildFile; fileRef = A50E31C32C00B535002BDFFA /* Assets.xcassets */; };
		A50E31C72C00B535002BDFFA /* Preview Assets.xcassets in Resources */ = {isa = PBXBuildFile; fileRef = A50E31C62C00B535002BDFFA /* Preview Assets.xcassets */; };
		A50E31D12C00B535002BDFFA /* FinancialManagerTests.swift in Sources */ = {isa = PBXBuildFile; fileRef = A50E31D02C00B535002BDFFA /* FinancialManagerTests.swift */; };
		A50E31DB2C00B535002BDFFA /* FinancialManagerUITests.swift in Sources */ = {isa = PBXBuildFile; fileRef = A50E31DA2C00B535002BDFFA /* FinancialManagerUITests.swift */; };
		A50E31DD2C00B535002BDFFA /* FinancialManagerUITestsLaunchTests.swift in Sources */ = {isa = PBXBuildFile; fileRef = A50E31DC2C00B535002BDFFA /* FinancialManagerUITestsLaunchTests.swift */; };
/* End PBXBuildFile section */

/* Begin PBXContainerItemProxy section */
		A50E31CD2C00B535002BDFFA /* PBXContainerItemProxy */ = {
			isa = PBXContainerItemProxy;
			containerPortal = A50E31B42C00B533002BDFFA /* Project object */;
			proxyType = 1;
			remoteGlobalIDString = A50E31BB2C00B533002BDFFA;
			remoteInfo = FinancialManager;
		};
		A50E31D72C00B535002BDFFA /* PBXContainerItemProxy */ = {
			isa = PBXContainerItemProxy;
			containerPortal = A50E31B42C00B533002BDFFA /* Project object */;
			proxyType = 1;
			remoteGlobalIDString = A50E31BB2C00B533002BDFFA;
			remoteInfo = FinancialManager;
		};
/* End PBXContainerItemProxy section */

/* Begin PBXFileReference section */
		A50E31BC2C00B533002BDFFA /* FinancialManager.app */ = {isa = PBXFileReference; explicitFileType = wrapper.application; includeInIndex = 0; path = FinancialManager.app; sourceTree = BUILT_PRODUCTS_DIR; };
		A50E31BF2C00B533002BDFFA /* FinancialManagerApp.swift */ = {isa = PBXFileReference; lastKnownFileType = sourcecode.swift; path = FinancialManagerApp.swift; sourceTree = "<group>"; };
		A50E31C12C00B533002BDFFA /* ContentView.swift */ = {isa = PBXFileReference; lastKnownFileType = sourcecode.swift; path = ContentView.swift; sourceTree = "<group>"; };
		A50E31C32C00B535002BDFFA /* Assets.xcassets */ = {isa = PBXFileReference; lastKnownFileType = folder.assetcatalog; path = Assets.xcassets; sourceTree = "<group>"; };
		A50E31C62C00B535002BDFFA /* Preview Assets.xcassets */ = {isa = PBXFileReference; lastKnownFileType = folder.assetcatalog; path = "Preview Assets.xcassets"; sourceTree = "<group>"; };
		A50E31CC2C00B535002BDFFA /* FinancialManagerTests.xctest */ = {isa = PBXFileReference; explicitFileType = wrapper.cfbundle; includeInIndex = 0; path = FinancialManagerTests.xctest; sourceTree = BUILT_PRODUCTS_DIR; };
		A50E31D02C00B535002BDFFA /* FinancialManagerTests.swift */ = {isa = PBXFileReference; lastKnownFileType = sourcecode.swift; path = FinancialManagerTests.swift; sourceTree = "<group>"; };
		A50E31D62C00B535002BDFFA /* FinancialManagerUITests.xctest */ = {isa = PBXFileReference; explicitFileType = wrapper.cfbundle; includeInIndex = 0; path = FinancialManagerUITests.xctest; sourceTree = BUILT_PRODUCTS_DIR; };
		A50E31DA2C00B535002BDFFA /* FinancialManagerUITests.swift */ = {isa = PBXFileReference; lastKnownFileType = sourcecode.swift; path = FinancialManagerUITests.swift; sourceTree = "<group>"; };
		A50E31DC2C00B535002BDFFA /* FinancialManagerUITestsLaunchTests.swift */ = {isa = PBXFileReference; lastKnownFileType = sourcecode.swift; path = FinancialManagerUITestsLaunchTests.swift; sourceTree = "<group>"; };
/* End PBXFileReference section */

/* Begin PBXFrameworksBuildPhase section */
		A50E31B92C00B533002BDFFA /* Frameworks */ = {
			isa = PBXFrameworksBuildPhase;
			buildActionMask = 2147483647;
			files = (
			);
			runOnlyForDeploymentPostprocessing = 0;
		};
		A50E31C92C00B535002BDFFA /* Frameworks */ = {
			isa = PBXFrameworksBuildPhase;
			buildActionMask = 2147483647;
			files = (
			);
			runOnlyForDeploymentPostprocessing = 0;
		};
		A50E31D32C00B535002BDFFA /* Frameworks */ = {
			isa = PBXFrameworksBuildPhase;
			buildActionMask = 2147483647;
			files = (
			);
			runOnlyForDeploymentPostprocessing = 0;
		};
/* End PBXFrameworksBuildPhase section */

/* Begin PBXGroup section */
		A50E31B32C00B533002BDFFA = {
			isa = PBXGroup;
			children = (
				A50E31BE2C00B533002BDFFA /* FinancialManager */,
				A50E31CF2C00B535002BDFFA /* FinancialManagerTests */,
				A50E31D92C00B535002BDFFA /* FinancialManagerUITests */,
				A50E31BD2C00B533002BDFFA /* Products */,
			);
			sourceTree = "<group>";
		};
		A50E31BD2C00B533002BDFFA /* Products */ = {
			isa = PBXGroup;
			children = (
				A50E31BC2C00B533002BDFFA /* FinancialManager.app */,
				A50E31CC2C00B535002BDFFA /* FinancialManagerTests.xctest */,
				A50E31D62C00B535002BDFFA /* FinancialManagerUITests.xctest */,
			);
			name = Products;
			sourceTree = "<group>";
		};
		A50E31BE2C00B533002BDFFA /* FinancialManager */ = {
			isa = PBXGroup;
			children = (
				A50E31BF2C00B533002BDFFA /* FinancialManagerApp.swift */,
				A50E31C12C00B533002BDFFA /* ContentView.swift */,
				A50E31C32C00B535002BDFFA /* Assets.xcassets */,
				A50E31C52C00B535002BDFFA /* Preview Content */,
			);
			path = FinancialManager;
			sourceTree = "<group>";
		};
		A50E31C52C00B535002BDFFA /* Preview Content */ = {
			isa = PBXGroup;
			children = (
				A50E31C62C00B535002BDFFA /* Preview Assets.xcassets */,
			);
			path = "Preview Content";
			sourceTree = "<group>";
		};
		A50E31CF2C00B535002BDFFA /* FinancialManagerTests */ = {
			isa = PBXGroup;
			children = (
				A50E31D02C00B535002BDFFA /* FinancialManagerTests.swift */,
			);
			path = FinancialManagerTests;
			sourceTree = "<group>";
		};
		A50E31D92C00B535002BDFFA /* FinancialManagerUITests */ = {
			isa = PBXGroup;
			children = (
				A50E31DA2C00B535002BDFFA /* FinancialManagerUITests.swift */,
				A50E31DC2C00B535002BDFFA /* FinancialManagerUITestsLaunchTests.swift */,
			);
			path = FinancialManagerUITests;
			sourceTree = "<group>";
		};
/* End PBXGroup section */

/* Begin PBXNativeTarget section */
		A50E31BB2C00B533002BDFFA /* FinancialManager */ = {
			isa = PBXNativeTarget;
			buildConfigurationList = A50E31E02C00B535002BDFFA /* Build configuration list for PBXNativeTarget "FinancialManager" */;
			buildPhases = (
				A50E31B82C00B533002BDFFA /* Sources */,
				A50E31B92C00B533002BDFFA /* Frameworks */,
				A50E31BA2C00B533002BDFFA /* Resources */,
			);
			buildRules = (
			);
			dependencies = (
			);
			name = FinancialManager;
			productName = FinancialManager;
			productReference = A50E31BC2C00B533002BDFFA /* FinancialManager.app */;
			productType = "com.apple.product-type.application";
		};
		A50E31CB2C00B535002BDFFA /* FinancialManagerTests */ = {
			isa = PBXNativeTarget;
			buildConfigurationList = A50E31E32C00B535002BDFFA /* Build configuration list for PBXNativeTarget "FinancialManagerTests" */;
			buildPhases = (
				A50E31C82C00B535002BDFFA /* Sources */,
				A50E31C92C00B535002BDFFA /* Frameworks */,
				A50E31CA2C00B535002BDFFA /* Resources */,
			);
			buildRules = (
			);
			dependencies = (
				A50E31CE2C00B535002BDFFA /* PBXTargetDependency */,
			);
			name = FinancialManagerTests;
			productName = FinancialManagerTests;
			productReference = A50E31CC2C00B535002BDFFA /* FinancialManagerTests.xctest */;
			productType = "com.apple.product-type.bundle.unit-test";
		};
		A50E31D52C00B535002BDFFA /* FinancialManagerUITests */ = {
			isa = PBXNativeTarget;
			buildConfigurationList = A50E31E62C00B535002BDFFA /* Build configuration list for PBXNativeTarget "FinancialManagerUITests" */;
			buildPhases = (
				A50E31D22C00B535002BDFFA /* Sources */,
				A50E31D32C00B535002BDFFA /* Frameworks */,
				A50E31D42C00B535002BDFFA /* Resources */,
			);
			buildRules = (
			);
			dependencies = (
				A50E31D82C00B535002BDFFA /* PBXTargetDependency */,
			);
			name = FinancialManagerUITests;
			productName = FinancialManagerUITests;
			productReference = A50E31D62C00B535002BDFFA /* FinancialManagerUITests.xctest */;
			productType = "com.apple.product-type.bundle.ui-testing";
		};
/* End PBXNativeTarget section */

/* Begin PBXProject section */
		A50E31B42C00B533002BDFFA /* Project object */ = {
			isa = PBXProject;
			attributes = {
				BuildIndependentTargetsInParallel = 1;
				LastSwiftUpdateCheck = 1500;
				LastUpgradeCheck = 1500;
				TargetAttributes = {
					A50E31BB2C00B533002BDFFA = {
						CreatedOnToolsVersion = 15.0.1;
					};
					A50E31CB2C00B535002BDFFA = {
						CreatedOnToolsVersion = 15.0.1;
						TestTargetID = A50E31BB2C00B533002BDFFA;
					};
					A50E31D52C00B535002BDFFA = {
						CreatedOnToolsVersion = 15.0.1;
						TestTargetID = A50E31BB2C00B533002BDFFA;
					};
				};
			};
			buildConfigurationList = A50E31B72C00B533002BDFFA /* Build configuration list for PBXProject "FinancialManager" */;
			compatibilityVersion = "Xcode 14.0";
			developmentRegion = en;
			hasScannedForEncodings = 0;
			knownRegions = (
				en,
				Base,
			);
			mainGroup = A50E31B32C00B533002BDFFA;
			productRefGroup = A50E31BD2C00B533002BDFFA /* Products */;
			projectDirPath = "";
			projectRoot = "";
			targets = (
				A50E31BB2C00B533002BDFFA /* FinancialManager */,
				A50E31CB2C00B535002BDFFA /* FinancialManagerTests */,
				A50E31D52C00B535002BDFFA /* FinancialManagerUITests */,
			);
		};
/* End PBXProject section */

/* Begin PBXResourcesBuildPhase section */
		A50E31BA2C00B533002BDFFA /* Resources */ = {
			isa = PBXResourcesBuildPhase;
			buildActionMask = 2147483647;
			files = (
				A50E31C72C00B535002BDFFA /* Preview Assets.xcassets in Resources */,
				A50E31C42C00B535002BDFFA /* Assets.xcassets in Resources */,
			);
			runOnlyForDeploymentPostprocessing = 0;
		};
		A50E31CA2C00B535002BDFFA /* Resources */ = {
			isa = PBXResourcesBuildPhase;
			buildActionMask = 2147483647;
			files = (
			);
			runOnlyForDeploymentPostprocessing = 0;
		};
		A50E31D42C00B535002BDFFA /* Resources */ = {
			isa = PBXResourcesBuildPhase;
			buildActionMask = 2147483647;
			files = (
			);
			runOnlyForDeploymentPostprocessing = 0;
		};
/* End PBXResourcesBuildPhase section */

/* Begin PBXSourcesBuildPhase section */
		A50E31B82C00B533002BDFFA /* Sources */ = {
			isa = PBXSourcesBuildPhase;
			buildActionMask = 2147483647;
			files = (
				A50E31C22C00B533002BDFFA /* ContentView.swift in Sources */,
				A50E31C02C00B533002BDFFA /* FinancialManagerApp.swift in Sources */,
			);
			runOnlyForDeploymentPostprocessing = 0;
		};
		A50E31C82C00B535002BDFFA /* Sources */ = {
			isa = PBXSourcesBuildPhase;
			buildActionMask = 2147483647;
			files = (
				A50E31D12C00B535002BDFFA /* FinancialManagerTests.swift in Sources */,
			);
			runOnlyForDeploymentPostprocessing = 0;
		};
		A50E31D22C00B535002BDFFA /* Sources */ = {
			isa = PBXSourcesBuildPhase;
			buildActionMask = 2147483647;
			files = (
				A50E31DD2C00B535002BDFFA /* FinancialManagerUITestsLaunchTests.swift in Sources */,
				A50E31DB2C00B535002BDFFA /* FinancialManagerUITests.swift in Sources */,
			);
			runOnlyForDeploymentPostprocessing = 0;
		};
/* End PBXSourcesBuildPhase section */

/* Begin PBXTargetDependency section */
		A50E31CE2C00B535002BDFFA /* PBXTargetDependency */ = {
			isa = PBXTargetDependency;
			target = A50E31BB2C00B533002BDFFA /* FinancialManager */;
			targetProxy = A50E31CD2C00B535002BDFFA /* PBXContainerItemProxy */;
		};
		A50E31D82C00B535002BDFFA /* PBXTargetDependency */ = {
			isa = PBXTargetDependency;
			target = A50E31BB2C00B533002BDFFA /* FinancialManager */;
			targetProxy = A50E31D72C00B535002BDFFA /* PBXContainerItemProxy */;
		};
/* End PBXTargetDependency section */

/* Begin XCBuildConfiguration section */
		A50E31DE2C00B535002BDFFA /* Debug */ = {
			isa = XCBuildConfiguration;
			buildSettings = {
				ALWAYS_SEARCH_USER_PATHS = NO;
				ASSETCATALOG_COMPILER_GENERATE_SWIFT_ASSET_SYMBOL_EXTENSIONS = YES;
				CLANG_ANALYZER_NONNULL = YES;
				CLANG_ANALYZER_NUMBER_OBJECT_CONVERSION = YES_AGGRESSIVE;
				CLANG_CXX_LANGUAGE_STANDARD = "gnu++20";
				CLANG_ENABLE_MODULES = YES;
				CLANG_ENABLE_OBJC_ARC = YES;
				CLANG_ENABLE_OBJC_WEAK = YES;
				CLANG_WARN_BLOCK_CAPTURE_AUTORELEASING = YES;
				CLANG_WARN_BOOL_CONVERSION = YES;
				CLANG_WARN_COMMA = YES;
				CLANG_WARN_CONSTANT_CONVERSION = YES;
				CLANG_WARN_DEPRECATED_OBJC_IMPLEMENTATIONS = YES;
				CLANG_WARN_DIRECT_OBJC_ISA_USAGE = YES_ERROR;
				CLANG_WARN_DOCUMENTATION_COMMENTS = YES;
				CLANG_WARN_EMPTY_BODY = YES;
				CLANG_WARN_ENUM_CONVERSION = YES;
				CLANG_WARN_INFINITE_RECURSION = YES;
				CLANG_WARN_INT_CONVERSION = YES;
				CLANG_WARN_NON_LITERAL_NULL_CONVERSION = YES;
				CLANG_WARN_OBJC_IMPLICIT_RETAIN_SELF = YES;
				CLANG_WARN_OBJC_LITERAL_CONVERSION = YES;
				CLANG_WARN_OBJC_ROOT_CLASS = YES_ERROR;
				CLANG_WARN_QUOTED_INCLUDE_IN_FRAMEWORK_HEADER = YES;
				CLANG_WARN_RANGE_LOOP_ANALYSIS = YES;
				CLANG_WARN_STRICT_PROTOTYPES = YES;
				CLANG_WARN_SUSPICIOUS_MOVE = YES;
				CLANG_WARN_UNGUARDED_AVAILABILITY = YES_AGGRESSIVE;
				CLANG_WARN_UNREACHABLE_CODE = YES;
				CLANG_WARN__DUPLICATE_METHOD_MATCH = YES;
				COPY_PHASE_STRIP = NO;
				DEBUG_INFORMATION_FORMAT = dwarf;
				ENABLE_STRICT_OBJC_MSGSEND = YES;
				ENABLE_TESTABILITY = YES;
				ENABLE_USER_SCRIPT_SANDBOXING = YES;
				GCC_C_LANGUAGE_STANDARD = gnu17;
				GCC_DYNAMIC_NO_PIC = NO;
				GCC_NO_COMMON_BLOCKS = YES;
				GCC_OPTIMIZATION_LEVEL = 0;
				GCC_PREPROCESSOR_DEFINITIONS = (
					"DEBUG=1",
					"$(inherited)",
				);
				GCC_WARN_64_TO_32_BIT_CONVERSION = YES;
				GCC_WARN_ABOUT_RETURN_TYPE = YES_ERROR;
				GCC_WARN_UNDECLARED_SELECTOR = YES;
				GCC_WARN_UNINITIALIZED_AUTOS = YES_AGGRESSIVE;
				GCC_WARN_UNUSED_FUNCTION = YES;
				GCC_WARN_UNUSED_VARIABLE = YES;
				IPHONEOS_DEPLOYMENT_TARGET = 17.0;
				LOCALIZATION_PREFERS_STRING_CATALOGS = YES;
				MTL_ENABLE_DEBUG_INFO = INCLUDE_SOURCE;
				MTL_FAST_MATH = YES;
				ONLY_ACTIVE_ARCH = YES;
				SDKROOT = iphoneos;
				SWIFT_ACTIVE_COMPILATION_CONDITIONS = "DEBUG $(inherited)";
				SWIFT_OPTIMIZATION_LEVEL = "-Onone";
			};
			name = Debug;
		};
		A50E31DF2C00B535002BDFFA /* Release */ = {
			isa = XCBuildConfiguration;
			buildSettings = {
				ALWAYS_SEARCH_USER_PATHS = NO;
				ASSETCATALOG_COMPILER_GENERATE_SWIFT_ASSET_SYMBOL_EXTENSIONS = YES;
				CLANG_ANALYZER_NONNULL = YES;
				CLANG_ANALYZER_NUMBER_OBJECT_CONVERSION = YES_AGGRESSIVE;
				CLANG_CXX_LANGUAGE_STANDARD = "gnu++20";
				CLANG_ENABLE_MODULES = YES;
				CLANG_ENABLE_OBJC_ARC = YES;
				CLANG_ENABLE_OBJC_WEAK = YES;
				CLANG_WARN_BLOCK_CAPTURE_AUTORELEASING = YES;
				CLANG_WARN_BOOL_CONVERSION = YES;
				CLANG_WARN_COMMA = YES;
				CLANG_WARN_CONSTANT_CONVERSION = YES;
				CLANG_WARN_DEPRECATED_OBJC_IMPLEMENTATIONS = YES;
				CLANG_WARN_DIRECT_OBJC_ISA_USAGE = YES_ERROR;
				CLANG_WARN_DOCUMENTATION_COMMENTS = YES;
				CLANG_WARN_EMPTY_BODY = YES;
				CLANG_WARN_ENUM_CONVERSION = YES;
				CLANG_WARN_INFINITE_RECURSION = YES;
				CLANG_WARN_INT_CONVERSION = YES;
				CLANG_WARN_NON_LITERAL_NULL_CONVERSION = YES;
				CLANG_WARN_OBJC_IMPLICIT_RETAIN_SELF = YES;
				CLANG_WARN_OBJC_LITERAL_CONVERSION = YES;
				CLANG_WARN_OBJC_ROOT_CLASS = YES_ERROR;
				CLANG_WARN_QUOTED_INCLUDE_IN_FRAMEWORK_HEADER = YES;
				CLANG_WARN_RANGE_LOOP_ANALYSIS = YES;
				CLANG_WARN_STRICT_PROTOTYPES = YES;
				CLANG_WARN_SUSPICIOUS_MOVE = YES;
				CLANG_WARN_UNGUARDED_AVAILABILITY = YES_AGGRESSIVE;
				CLANG_WARN_UNREACHABLE_CODE = YES;
				CLANG_WARN__DUPLICATE_METHOD_MATCH = YES;
				COPY_PHASE_STRIP = NO;
				DEBUG_INFORMATION_FORMAT = "dwarf-with-dsym";
				ENABLE_NS_ASSERTIONS = NO;
				ENABLE_STRICT_OBJC_MSGSEND = YES;
				ENABLE_USER_SCRIPT_SANDBOXING = YES;
				GCC_C_LANGUAGE_STANDARD = gnu17;
				GCC_NO_COMMON_BLOCKS = YES;
				GCC_WARN_64_TO_32_BIT_CONVERSION = YES;
				GCC_WARN_ABOUT_RETURN_TYPE = YES_ERROR;
				GCC_WARN_UNDECLARED_SELECTOR = YES;
				GCC_WARN_UNINITIALIZED_AUTOS = YES_AGGRESSIVE;
				GCC_WARN_UNUSED_FUNCTION = YES;
				GCC_WARN_UNUSED_VARIABLE = YES;
				IPHONEOS_DEPLOYMENT_TARGET = 17.0;
				LOCALIZATION_PREFERS_STRING_CATALOGS = YES;
				MTL_ENABLE_DEBUG_INFO = NO;
				MTL_FAST_MATH = YES;
				SDKROOT = iphoneos;
				SWIFT_COMPILATION_MODE = wholemodule;
				VALIDATE_PRODUCT = YES;
			};
			name = Release;
		};
		A50E31E12C00B535002BDFFA /* Debug */ = {
			isa = XCBuildConfiguration;
			buildSettings = {
				ASSETCATALOG_COMPILER_APPICON_NAME = AppIcon;
				ASSETCATALOG_COMPILER_GLOBAL_ACCENT_COLOR_NAME = AccentColor;
				CODE_SIGN_STYLE = Automatic;
				CURRENT_PROJECT_VERSION = 1;
				DEVELOPMENT_ASSET_PATHS = "\"FinancialManager/Preview Content\"";
				DEVELOPMENT_TEAM = CQL9P7PJZ2;
				ENABLE_PREVIEWS = YES;
				GENERATE_INFOPLIST_FILE = YES;
				INFOPLIST_KEY_UIApplicationSceneManifest_Generation = YES;
				INFOPLIST_KEY_UIApplicationSupportsIndirectInputEvents = YES;
				INFOPLIST_KEY_UILaunchScreen_Generation = YES;
				INFOPLIST_KEY_UISupportedInterfaceOrientations_iPad = "UIInterfaceOrientationPortrait UIInterfaceOrientationPortraitUpsideDown UIInterfaceOrientationLandscapeLeft UIInterfaceOrientationLandscapeRight";
				INFOPLIST_KEY_UISupportedInterfaceOrientations_iPhone = "UIInterfaceOrientationPortrait UIInterfaceOrientationLandscapeLeft UIInterfaceOrientationLandscapeRight";
				LD_RUNPATH_SEARCH_PATHS = (
					"$(inherited)",
					"@executable_path/Frameworks",
				);
				MARKETING_VERSION = 1.0;
				PRODUCT_BUNDLE_IDENTIFIER = com.sergius.FinancialManager;
				PRODUCT_NAME = "$(TARGET_NAME)";
				SWIFT_EMIT_LOC_STRINGS = YES;
				SWIFT_VERSION = 5.0;
				TARGETED_DEVICE_FAMILY = "1,2";
			};
			name = Debug;
		};
		A50E31E22C00B535002BDFFA /* Release */ = {
			isa = XCBuildConfiguration;
			buildSettings = {
				ASSETCATALOG_COMPILER_APPICON_NAME = AppIcon;
				ASSETCATALOG_COMPILER_GLOBAL_ACCENT_COLOR_NAME = AccentColor;
				CODE_SIGN_STYLE = Automatic;
				CURRENT_PROJECT_VERSION = 1;
				DEVELOPMENT_ASSET_PATHS = "\"FinancialManager/Preview Content\"";
				DEVELOPMENT_TEAM = CQL9P7PJZ2;
				ENABLE_PREVIEWS = YES;
				GENERATE_INFOPLIST_FILE = YES;
				INFOPLIST_KEY_UIApplicationSceneManifest_Generation = YES;
				INFOPLIST_KEY_UIApplicationSupportsIndirectInputEvents = YES;
				INFOPLIST_KEY_UILaunchScreen_Generation = YES;
				INFOPLIST_KEY_UISupportedInterfaceOrientations_iPad = "UIInterfaceOrientationPortrait UIInterfaceOrientationPortraitUpsideDown UIInterfaceOrientationLandscapeLeft UIInterfaceOrientationLandscapeRight";
				INFOPLIST_KEY_UISupportedInterfaceOrientations_iPhone = "UIInterfaceOrientationPortrait UIInterfaceOrientationLandscapeLeft UIInterfaceOrientationLandscapeRight";
				LD_RUNPATH_SEARCH_PATHS = (
					"$(inherited)",
					"@executable_path/Frameworks",
				);
				MARKETING_VERSION = 1.0;
				PRODUCT_BUNDLE_IDENTIFIER = com.sergius.FinancialManager;
				PRODUCT_NAME = "$(TARGET_NAME)";
				SWIFT_EMIT_LOC_STRINGS = YES;
				SWIFT_VERSION = 5.0;
				TARGETED_DEVICE_FAMILY = "1,2";
			};
			name = Release;
		};
		A50E31E42C00B535002BDFFA /* Debug */ = {
			isa = XCBuildConfiguration;
			buildSettings = {
				ALWAYS_EMBED_SWIFT_STANDARD_LIBRARIES = YES;
				BUNDLE_LOADER = "$(TEST_HOST)";
				CODE_SIGN_STYLE = Automatic;
				CURRENT_PROJECT_VERSION = 1;
				DEVELOPMENT_TEAM = CQL9P7PJZ2;
				GENERATE_INFOPLIST_FILE = YES;
				IPHONEOS_DEPLOYMENT_TARGET = 17.0;
				MARKETING_VERSION = 1.0;
				PRODUCT_BUNDLE_IDENTIFIER = com.sergius.FinancialManagerTests;
				PRODUCT_NAME = "$(TARGET_NAME)";
				SWIFT_EMIT_LOC_STRINGS = NO;
				SWIFT_VERSION = 5.0;
				TARGETED_DEVICE_FAMILY = "1,2";
				TEST_HOST = "$(BUILT_PRODUCTS_DIR)/FinancialManager.app/$(BUNDLE_EXECUTABLE_FOLDER_PATH)/FinancialManager";
			};
			name = Debug;
		};
		A50E31E52C00B535002BDFFA /* Release */ = {
			isa = XCBuildConfiguration;
			buildSettings = {
				ALWAYS_EMBED_SWIFT_STANDARD_LIBRARIES = YES;
				BUNDLE_LOADER = "$(TEST_HOST)";
				CODE_SIGN_STYLE = Automatic;
				CURRENT_PROJECT_VERSION = 1;
				DEVELOPMENT_TEAM = CQL9P7PJZ2;
				GENERATE_INFOPLIST_FILE = YES;
				IPHONEOS_DEPLOYMENT_TARGET = 17.0;
				MARKETING_VERSION = 1.0;
				PRODUCT_BUNDLE_IDENTIFIER = com.sergius.FinancialManagerTests;
				PRODUCT_NAME = "$(TARGET_NAME)";
				SWIFT_EMIT_LOC_STRINGS = NO;
				SWIFT_VERSION = 5.0;
				TARGETED_DEVICE_FAMILY = "1,2";
				TEST_HOST = "$(BUILT_PRODUCTS_DIR)/FinancialManager.app/$(BUNDLE_EXECUTABLE_FOLDER_PATH)/FinancialManager";
			};
			name = Release;
		};
		A50E31E72C00B535002BDFFA /* Debug */ = {
			isa = XCBuildConfiguration;
			buildSettings = {
				ALWAYS_EMBED_SWIFT_STANDARD_LIBRARIES = YES;
				CODE_SIGN_STYLE = Automatic;
				CURRENT_PROJECT_VERSION = 1;
				DEVELOPMENT_TEAM = CQL9P7PJZ2;
				GENERATE_INFOPLIST_FILE = YES;
				MARKETING_VERSION = 1.0;
				PRODUCT_BUNDLE_IDENTIFIER = com.sergius.FinancialManagerUITests;
				PRODUCT_NAME = "$(TARGET_NAME)";
				SWIFT_EMIT_LOC_STRINGS = NO;
				SWIFT_VERSION = 5.0;
				TARGETED_DEVICE_FAMILY = "1,2";
				TEST_TARGET_NAME = FinancialManager;
			};
			name = Debug;
		};
		A50E31E82C00B535002BDFFA /* Release */ = {
			isa = XCBuildConfiguration;
			buildSettings = {
				ALWAYS_EMBED_SWIFT_STANDARD_LIBRARIES = YES;
				CODE_SIGN_STYLE = Automatic;
				CURRENT_PROJECT_VERSION = 1;
				DEVELOPMENT_TEAM = CQL9P7PJZ2;
				GENERATE_INFOPLIST_FILE = YES;
				MARKETING_VERSION = 1.0;
				PRODUCT_BUNDLE_IDENTIFIER = com.sergius.FinancialManagerUITests;
				PRODUCT_NAME = "$(TARGET_NAME)";
				SWIFT_EMIT_LOC_STRINGS = NO;
				SWIFT_VERSION = 5.0;
				TARGETED_DEVICE_FAMILY = "1,2";
				TEST_TARGET_NAME = FinancialManager;
			};
			name = Release;
		};
/* End XCBuildConfiguration section */

/* Begin XCConfigurationList section */
		A50E31B72C00B533002BDFFA /* Build configuration list for PBXProject "FinancialManager" */ = {
			isa = XCConfigurationList;
			buildConfigurations = (
				A50E31DE2C00B535002BDFFA /* Debug */,
				A50E31DF2C00B535002BDFFA /* Release */,
			);
			defaultConfigurationIsVisible = 0;
			defaultConfigurationName = Release;
		};
		A50E31E02C00B535002BDFFA /* Build configuration list for PBXNativeTarget "FinancialManager" */ = {
			isa = XCConfigurationList;
			buildConfigurations = (
				A50E31E12C00B535002BDFFA /* Debug */,
				A50E31E22C00B535002BDFFA /* Release */,
			);
			defaultConfigurationIsVisible = 0;
			defaultConfigurationName = Release;
		};
		A50E31E32C00B535002BDFFA /* Build configuration list for PBXNativeTarget "FinancialManagerTests" */ = {
			isa = XCConfigurationList;
			buildConfigurations = (
				A50E31E42C00B535002BDFFA /* Debug */,
				A50E31E52C00B535002BDFFA /* Release */,
			);
			defaultConfigurationIsVisible = 0;
			defaultConfigurationName = Release;
		};
		A50E31E62C00B535002BDFFA /* Build configuration list for PBXNativeTarget "FinancialManagerUITests" */ = {
			isa = XCConfigurationList;
			buildConfigurations = (
				A50E31E72C00B535002BDFFA /* Debug */,
				A50E31E82C00B535002BDFFA /* Release */,
			);
			defaultConfigurationIsVisible = 0;
			defaultConfigurationName = Release;
		};
/* End XCConfigurationList section */
	};
	rootObject = A50E31B42C00B533002BDFFA /* Project object */;
}
